
Microsoft Visual Studio Solution File, Format Version 12.00
# Visual Studio Version 17
VisualStudioVersion = 17.6.33723.286
MinimumVisualStudioVersion = 10.0.40219.1
Project("{FAE04EC0-301F-11D3-BF4B-00C04F79EFBC}") = "crudsGame", "crudsGame\crudsGame.csproj", "{AE488A4C-70A4-490D-B1C9-571B2D88ADB2}"
EndProject
Global
	GlobalSection(SolutionConfigurationPlatforms) = preSolution
		Debug|Any CPU = Debug|Any CPU
		Release|Any CPU = Release|Any CPU
	EndGlobalSection
	GlobalSection(ProjectConfigurationPlatforms) = postSolution
		{AE488A4C-70A4-490D-B1C9-571B2D88ADB2}.Debug|Any CPU.ActiveCfg = Debug|Any CPU
		{AE488A4C-70A4-490D-B1C9-571B2D88ADB2}.Debug|Any CPU.Build.0 = Debug|Any CPU
		{AE488A4C-70A4-490D-B1C9-571B2D88ADB2}.Release|Any CPU.ActiveCfg = Release|Any CPU
		{AE488A4C-70A4-490D-B1C9-571B2D88ADB2}.Release|Any CPU.Build.0 = Release|Any CPU
	EndGlobalSection
	GlobalSection(SolutionProperties) = preSolution
		HideSolutionNode = FALSE
	EndGlobalSection
	GlobalSection(ExtensibilityGlobals) = postSolution
		SolutionGuid = {E8047FD1-6FDC-44A9-9787-5E5C2C9E0084}
	EndGlobalSection
EndGlobal
